github.com/Strubbl/wallabago/v9 v9.0.8 h1:bvlFVZE6ZY1Cj7cGPNpHFM7oHu+BlL7gq04nWyd/d2Q=
github.com/Strubbl/wallabago/v9 v9.0.8/go.mod h1:s7bI0o+R5o6qmL5S+A6LyytvtD/+7lhCVJAJzx3MJAM=
github.com/Strubbl/wallabago/v9 v9.0.9 h1:aPXT7e75jtuTOHi1XvqU3WrtWFw6qtVYmjUXUgOj5F8=
github.com/Strubbl/wallabago/v9 v9.0.9/go.mod h1:SjxSTV6IfqbDrpAeTl5S08c5ecVnffiw4n3JlnKkqY0=
github.com/gabriel-vasile/mimetype v1.4.3 h1:in2uUcidCuFcDKtdcBxlR0rJ1+fsokWf+uqxgUFjbI0=
github.com/gabriel-vasile/mimetype v1.4.3/go.mod h1:d8uq/6HKRL6CGdk+aubisF/M5GcPfT7nKyLpA0lbSSk=
github.com/go-shiori/go-epub v1.2.1 h1:+K/WxrvmfFQY69cpryiObrT6X7WhkwpqhHY65AHs2Rg=
github.com/go-shiori/go-epub v1.2.1/go.mod h1:3rCTODnigEgy2j3ksndClrGT9h/dcz3js9q4yPX7hf8=
github.com/gofrs/uuid/v5 v5.0.0 h1:p544++a97kEL+svbcFbCQVM9KFu0Yo25UoISXGNNH9M=
github.com/gofrs/uuid/v5 v5.0.0/go.mod h1:CDOjlDMVAtN56jqyRUZh58JT31Tiw7/oQyEXZV+9bD8=
github.com/joho/godotenv v1.5.1 h1:7eLL/+HRGLY0ldzfGMeQkb7vMd0as4CfYvUVzLqw0N0=
github.com/joho/godotenv v1.5.1/go.mod h1:f4LDr5Voq0i2e/R5DDNOoa2zzDfwtkZa6DnEwAbqwq4=
github.com/vincent-petithory/dataurl v1.0.0 h1:cXw+kPto8NLuJtlMsI152irrVw9fRDX8AbShPRpg2CI=
github.com/vincent-petithory/dataurl v1.0.0/go.mod h1:FHafX5vmDzyP+1CQATJn7WFKc9CvnvxyvZy6I1MrG/U=
golang.org/x/net v0.33.0 h1:74SYHlV8BIgHIFC/LrYkOGIwL19eTYXQ5wc6TBuO36I=
golang.org/x/net v0.33.0/go.mod h1:HXLR5J+9DxmrqMwG9qjGCxZ+zKXxBru04zlTvWlWuN4=
golang.org/x/text v0.21.0 h1:zyQAAkrwaneQ066sspRyJaG9VNi/YJ1NfzcGB3hZ/qo=
golang.org/x/text v0.21.0/go.mod h1:4IBbMaMmOPCJ8SecivzSH54+73PCFmPWxNTLm+vZkEQ=
golang.org/x/text v0.22.0 h1:bofq7m3/HAFvbF51jz3Q9wLg3jkvSPuiZu/pD1XwgtM=
golang.org/x/text v0.22.0/go.mod h1:YRoo4H8PVmsu+E3Ou7cqLVH8oXWIHVoX0jqUWALQhfY=
